
Microsoft Visual Studio Solution File, Format Version 12.00
# Visual Studio Version 17
VisualStudioVersion = 17.14.36310.24 d17.14
MinimumVisualStudioVersion = 10.0.40219.1
Project("{FAE04EC0-301F-11D3-BF4B-00C04F79EFBC}") = "PRELIM_LAB2_31A1_IAN_CORPUZ", "PRELIM_LAB2_31A1_IAN_CORPUZ\PRELIM_LAB2_31A1_IAN_CORPUZ.csproj", "{9CB2B1A5-44CF-410A-B3FF-7B52F22CBEBD}"
EndProject
Global
	GlobalSection(SolutionConfigurationPlatforms) = preSolution
		Debug|Any CPU = Debug|Any CPU
		Release|Any CPU = Release|Any CPU
	EndGlobalSection
	GlobalSection(ProjectConfigurationPlatforms) = postSolution
		{9CB2B1A5-44CF-410A-B3FF-7B52F22CBEBD}.Debug|Any CPU.ActiveCfg = Debug|Any CPU
		{9CB2B1A5-44CF-410A-B3FF-7B52F22CBEBD}.Debug|Any CPU.Build.0 = Debug|Any CPU
		{9CB2B1A5-44CF-410A-B3FF-7B52F22CBEBD}.Release|Any CPU.ActiveCfg = Release|Any CPU
		{9CB2B1A5-44CF-410A-B3FF-7B52F22CBEBD}.Release|Any CPU.Build.0 = Release|Any CPU
	EndGlobalSection
	GlobalSection(SolutionProperties) = preSolution
		HideSolutionNode = FALSE
	EndGlobalSection
	GlobalSection(ExtensibilityGlobals) = postSolution
		SolutionGuid = {623EE9C5-5501-4CAF-AC7A-B2EEDFDE26EA}
	EndGlobalSection
EndGlobal
